
Microsoft Visual Studio Solution File, Format Version 12.00
# Visual Studio Version 17
VisualStudioVersion = 17.0.31912.275
MinimumVisualStudioVersion = 10.0.40219.1
Project("{FAE04EC0-301F-11D3-BF4B-00C04F79EFBC}") = "Stack", "Stack\Stack.csproj", "{FA99BDA1-898A-400D-A92A-881D321B759C}"
EndProject
Project("{FAE04EC0-301F-11D3-BF4B-00C04F79EFBC}") = "QueueDS", "QueueDS\QueueDS.csproj", "{E4512D13-E3C8-41B9-856A-9EDCDFE037AF}"
EndProject
Project("{FAE04EC0-301F-11D3-BF4B-00C04F79EFBC}") = "CircularQueue", "CircleQueue\CircularQueue.csproj", "{0C71BBB5-6D26-41F7-A87C-F88283875E6F}"
EndProject
Project("{FAE04EC0-301F-11D3-BF4B-00C04F79EFBC}") = "LinkedList", "LinkedList\LinkedList.csproj", "{6F542480-0C64-4DA2-A7F5-F84C53DFB9C0}"
EndProject
Project("{FAE04EC0-301F-11D3-BF4B-00C04F79EFBC}") = "Middel_Nodes_In_LinkedList", "Middel_Nodes_In_LinkedList\Middel_Nodes_In_LinkedList.csproj", "{4DAA3098-6046-4383-8E01-6BCB6100D66B}"
EndProject
Project("{FAE04EC0-301F-11D3-BF4B-00C04F79EFBC}") = "Count_Occurence_Number_In_LinkedList", "Count_Occurence_Number_In_LinkedList\Count_Occurence_Number_In_LinkedList.csproj", "{1CBDD813-4A0F-42FB-9B90-0744BF692D9D}"
EndProject
Project("{FAE04EC0-301F-11D3-BF4B-00C04F79EFBC}") = "Recursion", "Recursion\Recursion.csproj", "{161ACFD1-9138-4390-AA08-E1D3F1D76052}"
EndProject
Project("{9A19103F-16F7-4668-BE54-9A1E7A4F7556}") = "LinkedQueue", "LinkedQueue\LinkedQueue.csproj", "{D1FD0F79-6AEC-49CC-9EA6-78E8A09DA88E}"
EndProject
Project("{9A19103F-16F7-4668-BE54-9A1E7A4F7556}") = "LinkedStack", "LinkedStack\LinkedStack.csproj", "{91230430-70A4-430E-A2EC-1743C00BCBB6}"
EndProject
Project("{9A19103F-16F7-4668-BE54-9A1E7A4F7556}") = "ReverseLinkedList", "ReverseLinkedList\ReverseLinkedList.csproj", "{B7ABC69F-2E46-4103-8B05-F1A9C21420C5}"
EndProject
Project("{9A19103F-16F7-4668-BE54-9A1E7A4F7556}") = "MergeLinkedList", "MergeLinkedList\MergeLinkedList.csproj", "{27003402-E22D-467E-A06F-C86D8246033F}"
EndProject
Project("{9A19103F-16F7-4668-BE54-9A1E7A4F7556}") = "DoublyLinkedList", "DoublyLinkedList\DoublyLinkedList.csproj", "{FBFC4329-F810-41B0-94CE-94CCAF0C7016}"
EndProject
Project("{9A19103F-16F7-4668-BE54-9A1E7A4F7556}") = "CircularLinkedList", "CircularLinkedList\CircularLinkedList.csproj", "{BD8A9C6A-0B2B-4CED-B3B5-547D4B35EB08}"
EndProject
Project("{9A19103F-16F7-4668-BE54-9A1E7A4F7556}") = "CircularDoublyLinkedList", "CircularDoyublyLinkedList\CircularDoublyLinkedList.csproj", "{13BE0C57-00D0-4037-A2B3-E324EC66B8B9}"
EndProject
Project("{9A19103F-16F7-4668-BE54-9A1E7A4F7556}") = "Tree", "Tree\Tree.csproj", "{42629429-4F57-4028-A4EC-16CCFD945BB0}"
EndProject
Project("{9A19103F-16F7-4668-BE54-9A1E7A4F7556}") = "Balanced Parntheses", "Balanced Parntheses\Balanced Parntheses.csproj", "{77D724D3-CAC3-45C2-811A-4B12C9F275FB}"
EndProject
Project("{9A19103F-16F7-4668-BE54-9A1E7A4F7556}") = "Postfix _Prefix_Infix", "Postfix _Prefix_Infix\Postfix _Prefix_Infix.csproj", "{5976B95E-4BAE-4EAF-9EBC-28C92DB33347}"
EndProject
Project("{9A19103F-16F7-4668-BE54-9A1E7A4F7556}") = "Complexity Running Time", "Complexity Running Time\Complexity Running Time.csproj", "{301E2405-363C-4720-BE29-423D75E1F892}"
EndProject
Project("{9A19103F-16F7-4668-BE54-9A1E7A4F7556}") = "BFS", "BFS\BFS.csproj", "{49495B8C-4C14-4B79-BD22-B94673D15463}"
EndProject
Project("{9A19103F-16F7-4668-BE54-9A1E7A4F7556}") = "algorithm", "algorithm\algorithm.csproj", "{9A060AFB-C382-47B6-8C53-7634777A60CB}"
EndProject
Project("{9A19103F-16F7-4668-BE54-9A1E7A4F7556}") = "Selection Sort", "Selection Sort\Selection Sort.csproj", "{6A42E722-BB9B-4B77-97C7-2190A90B9B9F}"
EndProject
Project("{9A19103F-16F7-4668-BE54-9A1E7A4F7556}") = "BubbleSort", "BubbleSort\BubbleSort.csproj", "{B826C75D-00E4-4575-B20B-85D5F17F1D4A}"
EndProject
Project("{9A19103F-16F7-4668-BE54-9A1E7A4F7556}") = "Insertion", "Insertion\Insertion.csproj", "{8FFC060A-D371-4765-9675-56577CDAE06B}"
EndProject
Project("{9A19103F-16F7-4668-BE54-9A1E7A4F7556}") = "Merge Sort", "Merge Sort\Merge Sort.csproj", "{F57718FA-35F4-4947-8B57-DB2F05A098E5}"
EndProject
Project("{9A19103F-16F7-4668-BE54-9A1E7A4F7556}") = "Quick Sort", "Quick Sort\Quick Sort.csproj", "{82060894-57C6-4291-A708-5EC1629B90F6}"
EndProject
Project("{9A19103F-16F7-4668-BE54-9A1E7A4F7556}") = "Heap Sort", "Heap\Heap Sort.csproj", "{29DBDF48-3A54-4BB8-9401-0F4F09952DC8}"
EndProject
Project("{9A19103F-16F7-4668-BE54-9A1E7A4F7556}") = "Sequence_Linear_Search", "Sequence_Linear_Search\Sequence_Linear_Search.csproj", "{CD746A03-96F0-4D3A-8A10-DDA4703890F8}"
EndProject
Project("{9A19103F-16F7-4668-BE54-9A1E7A4F7556}") = "BinarySearch", "BinarySearch\BinarySearch.csproj", "{1FA00D0D-C214-4E91-8E52-3D7B6250ABFE}"
EndProject
Project("{9A19103F-16F7-4668-BE54-9A1E7A4F7556}") = "HashTable", "HashTable\HashTable.csproj", "{5FFB3392-BD6B-424D-A0E4-0787084DE999}"
EndProject
Project("{9A19103F-16F7-4668-BE54-9A1E7A4F7556}") = "Graph", "Graph\Graph.csproj", "{F57472DE-2584-4207-974A-59B11236E795}"
EndProject
Project("{FAE04EC0-301F-11D3-BF4B-00C04F79EFBC}") = "GraphBFS", "GraphBFS\GraphBFS.csproj", "{2F21DF9C-B143-40BB-ADF6-4D17C66B1159}"
EndProject
Global
	GlobalSection(SolutionConfigurationPlatforms) = preSolution
		Debug|Any CPU = Debug|Any CPU
		Release|Any CPU = Release|Any CPU
	EndGlobalSection
	GlobalSection(ProjectConfigurationPlatforms) = postSolution
		{FA99BDA1-898A-400D-A92A-881D321B759C}.Debug|Any CPU.ActiveCfg = Debug|Any CPU
		{FA99BDA1-898A-400D-A92A-881D321B759C}.Debug|Any CPU.Build.0 = Debug|Any CPU
		{FA99BDA1-898A-400D-A92A-881D321B759C}.Release|Any CPU.ActiveCfg = Release|Any CPU
		{FA99BDA1-898A-400D-A92A-881D321B759C}.Release|Any CPU.Build.0 = Release|Any CPU
		{E4512D13-E3C8-41B9-856A-9EDCDFE037AF}.Debug|Any CPU.ActiveCfg = Debug|Any CPU
		{E4512D13-E3C8-41B9-856A-9EDCDFE037AF}.Debug|Any CPU.Build.0 = Debug|Any CPU
		{E4512D13-E3C8-41B9-856A-9EDCDFE037AF}.Release|Any CPU.ActiveCfg = Release|Any CPU
		{E4512D13-E3C8-41B9-856A-9EDCDFE037AF}.Release|Any CPU.Build.0 = Release|Any CPU
		{0C71BBB5-6D26-41F7-A87C-F88283875E6F}.Debug|Any CPU.ActiveCfg = Debug|Any CPU
		{0C71BBB5-6D26-41F7-A87C-F88283875E6F}.Debug|Any CPU.Build.0 = Debug|Any CPU
		{0C71BBB5-6D26-41F7-A87C-F88283875E6F}.Release|Any CPU.ActiveCfg = Release|Any CPU
		{0C71BBB5-6D26-41F7-A87C-F88283875E6F}.Release|Any CPU.Build.0 = Release|Any CPU
		{6F542480-0C64-4DA2-A7F5-F84C53DFB9C0}.Debug|Any CPU.ActiveCfg = Debug|Any CPU
		{6F542480-0C64-4DA2-A7F5-F84C53DFB9C0}.Debug|Any CPU.Build.0 = Debug|Any CPU
		{6F542480-0C64-4DA2-A7F5-F84C53DFB9C0}.Release|Any CPU.ActiveCfg = Release|Any CPU
		{6F542480-0C64-4DA2-A7F5-F84C53DFB9C0}.Release|Any CPU.Build.0 = Release|Any CPU
		{4DAA3098-6046-4383-8E01-6BCB6100D66B}.Debug|Any CPU.ActiveCfg = Debug|Any CPU
		{4DAA3098-6046-4383-8E01-6BCB6100D66B}.Debug|Any CPU.Build.0 = Debug|Any CPU
		{4DAA3098-6046-4383-8E01-6BCB6100D66B}.Release|Any CPU.ActiveCfg = Release|Any CPU
		{4DAA3098-6046-4383-8E01-6BCB6100D66B}.Release|Any CPU.Build.0 = Release|Any CPU
		{1CBDD813-4A0F-42FB-9B90-0744BF692D9D}.Debug|Any CPU.ActiveCfg = Debug|Any CPU
		{1CBDD813-4A0F-42FB-9B90-0744BF692D9D}.Debug|Any CPU.Build.0 = Debug|Any CPU
		{1CBDD813-4A0F-42FB-9B90-0744BF692D9D}.Release|Any CPU.ActiveCfg = Release|Any CPU
		{1CBDD813-4A0F-42FB-9B90-0744BF692D9D}.Release|Any CPU.Build.0 = Release|Any CPU
		{161ACFD1-9138-4390-AA08-E1D3F1D76052}.Debug|Any CPU.ActiveCfg = Debug|Any CPU
		{161ACFD1-9138-4390-AA08-E1D3F1D76052}.Debug|Any CPU.Build.0 = Debug|Any CPU
		{161ACFD1-9138-4390-AA08-E1D3F1D76052}.Release|Any CPU.ActiveCfg = Release|Any CPU
		{161ACFD1-9138-4390-AA08-E1D3F1D76052}.Release|Any CPU.Build.0 = Release|Any CPU
		{D1FD0F79-6AEC-49CC-9EA6-78E8A09DA88E}.Debug|Any CPU.ActiveCfg = Debug|Any CPU
		{D1FD0F79-6AEC-49CC-9EA6-78E8A09DA88E}.Debug|Any CPU.Build.0 = Debug|Any CPU
		{D1FD0F79-6AEC-49CC-9EA6-78E8A09DA88E}.Release|Any CPU.ActiveCfg = Release|Any CPU
		{D1FD0F79-6AEC-49CC-9EA6-78E8A09DA88E}.Release|Any CPU.Build.0 = Release|Any CPU
		{91230430-70A4-430E-A2EC-1743C00BCBB6}.Debug|Any CPU.ActiveCfg = Debug|Any CPU
		{91230430-70A4-430E-A2EC-1743C00BCBB6}.Debug|Any CPU.Build.0 = Debug|Any CPU
		{91230430-70A4-430E-A2EC-1743C00BCBB6}.Release|Any CPU.ActiveCfg = Release|Any CPU
		{91230430-70A4-430E-A2EC-1743C00BCBB6}.Release|Any CPU.Build.0 = Release|Any CPU
		{B7ABC69F-2E46-4103-8B05-F1A9C21420C5}.Debug|Any CPU.ActiveCfg = Debug|Any CPU
		{B7ABC69F-2E46-4103-8B05-F1A9C21420C5}.Debug|Any CPU.Build.0 = Debug|Any CPU
		{B7ABC69F-2E46-4103-8B05-F1A9C21420C5}.Release|Any CPU.ActiveCfg = Release|Any CPU
		{B7ABC69F-2E46-4103-8B05-F1A9C21420C5}.Release|Any CPU.Build.0 = Release|Any CPU
		{27003402-E22D-467E-A06F-C86D8246033F}.Debug|Any CPU.ActiveCfg = Debug|Any CPU
		{27003402-E22D-467E-A06F-C86D8246033F}.Debug|Any CPU.Build.0 = Debug|Any CPU
		{27003402-E22D-467E-A06F-C86D8246033F}.Release|Any CPU.ActiveCfg = Release|Any CPU
		{27003402-E22D-467E-A06F-C86D8246033F}.Release|Any CPU.Build.0 = Release|Any CPU
		{FBFC4329-F810-41B0-94CE-94CCAF0C7016}.Debug|Any CPU.ActiveCfg = Debug|Any CPU
		{FBFC4329-F810-41B0-94CE-94CCAF0C7016}.Debug|Any CPU.Build.0 = Debug|Any CPU
		{FBFC4329-F810-41B0-94CE-94CCAF0C7016}.Release|Any CPU.ActiveCfg = Release|Any CPU
		{FBFC4329-F810-41B0-94CE-94CCAF0C7016}.Release|Any CPU.Build.0 = Release|Any CPU
		{BD8A9C6A-0B2B-4CED-B3B5-547D4B35EB08}.Debug|Any CPU.ActiveCfg = Debug|Any CPU
		{BD8A9C6A-0B2B-4CED-B3B5-547D4B35EB08}.Debug|Any CPU.Build.0 = Debug|Any CPU
		{BD8A9C6A-0B2B-4CED-B3B5-547D4B35EB08}.Release|Any CPU.ActiveCfg = Release|Any CPU
		{BD8A9C6A-0B2B-4CED-B3B5-547D4B35EB08}.Release|Any CPU.Build.0 = Release|Any CPU
		{13BE0C57-00D0-4037-A2B3-E324EC66B8B9}.Debug|Any CPU.ActiveCfg = Debug|Any CPU
		{13BE0C57-00D0-4037-A2B3-E324EC66B8B9}.Debug|Any CPU.Build.0 = Debug|Any CPU
		{13BE0C57-00D0-4037-A2B3-E324EC66B8B9}.Release|Any CPU.ActiveCfg = Release|Any CPU
		{13BE0C57-00D0-4037-A2B3-E324EC66B8B9}.Release|Any CPU.Build.0 = Release|Any CPU
		{42629429-4F57-4028-A4EC-16CCFD945BB0}.Debug|Any CPU.ActiveCfg = Debug|Any CPU
		{42629429-4F57-4028-A4EC-16CCFD945BB0}.Debug|Any CPU.Build.0 = Debug|Any CPU
		{42629429-4F57-4028-A4EC-16CCFD945BB0}.Release|Any CPU.ActiveCfg = Release|Any CPU
		{42629429-4F57-4028-A4EC-16CCFD945BB0}.Release|Any CPU.Build.0 = Release|Any CPU
		{77D724D3-CAC3-45C2-811A-4B12C9F275FB}.Debug|Any CPU.ActiveCfg = Debug|Any CPU
		{77D724D3-CAC3-45C2-811A-4B12C9F275FB}.Debug|Any CPU.Build.0 = Debug|Any CPU
		{77D724D3-CAC3-45C2-811A-4B12C9F275FB}.Release|Any CPU.ActiveCfg = Release|Any CPU
		{77D724D3-CAC3-45C2-811A-4B12C9F275FB}.Release|Any CPU.Build.0 = Release|Any CPU
		{5976B95E-4BAE-4EAF-9EBC-28C92DB33347}.Debug|Any CPU.ActiveCfg = Debug|Any CPU
		{5976B95E-4BAE-4EAF-9EBC-28C92DB33347}.Debug|Any CPU.Build.0 = Debug|Any CPU
		{5976B95E-4BAE-4EAF-9EBC-28C92DB33347}.Release|Any CPU.ActiveCfg = Release|Any CPU
		{5976B95E-4BAE-4EAF-9EBC-28C92DB33347}.Release|Any CPU.Build.0 = Release|Any CPU
		{301E2405-363C-4720-BE29-423D75E1F892}.Debug|Any CPU.ActiveCfg = Debug|Any CPU
		{301E2405-363C-4720-BE29-423D75E1F892}.Debug|Any CPU.Build.0 = Debug|Any CPU
		{301E2405-363C-4720-BE29-423D75E1F892}.Release|Any CPU.ActiveCfg = Release|Any CPU
		{301E2405-363C-4720-BE29-423D75E1F892}.Release|Any CPU.Build.0 = Release|Any CPU
		{49495B8C-4C14-4B79-BD22-B94673D15463}.Debug|Any CPU.ActiveCfg = Debug|Any CPU
		{49495B8C-4C14-4B79-BD22-B94673D15463}.Debug|Any CPU.Build.0 = Debug|Any CPU
		{49495B8C-4C14-4B79-BD22-B94673D15463}.Release|Any CPU.ActiveCfg = Release|Any CPU
		{49495B8C-4C14-4B79-BD22-B94673D15463}.Release|Any CPU.Build.0 = Release|Any CPU
		{9A060AFB-C382-47B6-8C53-7634777A60CB}.Debug|Any CPU.ActiveCfg = Debug|Any CPU
		{9A060AFB-C382-47B6-8C53-7634777A60CB}.Debug|Any CPU.Build.0 = Debug|Any CPU
		{9A060AFB-C382-47B6-8C53-7634777A60CB}.Release|Any CPU.ActiveCfg = Release|Any CPU
		{9A060AFB-C382-47B6-8C53-7634777A60CB}.Release|Any CPU.Build.0 = Release|Any CPU
		{6A42E722-BB9B-4B77-97C7-2190A90B9B9F}.Debug|Any CPU.ActiveCfg = Debug|Any CPU
		{6A42E722-BB9B-4B77-97C7-2190A90B9B9F}.Debug|Any CPU.Build.0 = Debug|Any CPU
		{6A42E722-BB9B-4B77-97C7-2190A90B9B9F}.Release|Any CPU.ActiveCfg = Release|Any CPU
		{6A42E722-BB9B-4B77-97C7-2190A90B9B9F}.Release|Any CPU.Build.0 = Release|Any CPU
		{B826C75D-00E4-4575-B20B-85D5F17F1D4A}.Debug|Any CPU.ActiveCfg = Debug|Any CPU
		{B826C75D-00E4-4575-B20B-85D5F17F1D4A}.Debug|Any CPU.Build.0 = Debug|Any CPU
		{B826C75D-00E4-4575-B20B-85D5F17F1D4A}.Release|Any CPU.ActiveCfg = Release|Any CPU
		{B826C75D-00E4-4575-B20B-85D5F17F1D4A}.Release|Any CPU.Build.0 = Release|Any CPU
		{8FFC060A-D371-4765-9675-56577CDAE06B}.Debug|Any CPU.ActiveCfg = Debug|Any CPU
		{8FFC060A-D371-4765-9675-56577CDAE06B}.Debug|Any CPU.Build.0 = Debug|Any CPU
		{8FFC060A-D371-4765-9675-56577CDAE06B}.Release|Any CPU.ActiveCfg = Release|Any CPU
		{8FFC060A-D371-4765-9675-56577CDAE06B}.Release|Any CPU.Build.0 = Release|Any CPU
		{F57718FA-35F4-4947-8B57-DB2F05A098E5}.Debug|Any CPU.ActiveCfg = Debug|Any CPU
		{F57718FA-35F4-4947-8B57-DB2F05A098E5}.Debug|Any CPU.Build.0 = Debug|Any CPU
		{F57718FA-35F4-4947-8B57-DB2F05A098E5}.Release|Any CPU.ActiveCfg = Release|Any CPU
		{F57718FA-35F4-4947-8B57-DB2F05A098E5}.Release|Any CPU.Build.0 = Release|Any CPU
		{82060894-57C6-4291-A708-5EC1629B90F6}.Debug|Any CPU.ActiveCfg = Debug|Any CPU
		{82060894-57C6-4291-A708-5EC1629B90F6}.Debug|Any CPU.Build.0 = Debug|Any CPU
		{82060894-57C6-4291-A708-5EC1629B90F6}.Release|Any CPU.ActiveCfg = Release|Any CPU
		{82060894-57C6-4291-A708-5EC1629B90F6}.Release|Any CPU.Build.0 = Release|Any CPU
		{29DBDF48-3A54-4BB8-9401-0F4F09952DC8}.Debug|Any CPU.ActiveCfg = Debug|Any CPU
		{29DBDF48-3A54-4BB8-9401-0F4F09952DC8}.Debug|Any CPU.Build.0 = Debug|Any CPU
		{29DBDF48-3A54-4BB8-9401-0F4F09952DC8}.Release|Any CPU.ActiveCfg = Release|Any CPU
		{29DBDF48-3A54-4BB8-9401-0F4F09952DC8}.Release|Any CPU.Build.0 = Release|Any CPU
		{CD746A03-96F0-4D3A-8A10-DDA4703890F8}.Debug|Any CPU.ActiveCfg = Debug|Any CPU
		{CD746A03-96F0-4D3A-8A10-DDA4703890F8}.Debug|Any CPU.Build.0 = Debug|Any CPU
		{CD746A03-96F0-4D3A-8A10-DDA4703890F8}.Release|Any CPU.ActiveCfg = Release|Any CPU
		{CD746A03-96F0-4D3A-8A10-DDA4703890F8}.Release|Any CPU.Build.0 = Release|Any CPU
		{1FA00D0D-C214-4E91-8E52-3D7B6250ABFE}.Debug|Any CPU.ActiveCfg = Debug|Any CPU
		{1FA00D0D-C214-4E91-8E52-3D7B6250ABFE}.Debug|Any CPU.Build.0 = Debug|Any CPU
		{1FA00D0D-C214-4E91-8E52-3D7B6250ABFE}.Release|Any CPU.ActiveCfg = Release|Any CPU
		{1FA00D0D-C214-4E91-8E52-3D7B6250ABFE}.Release|Any CPU.Build.0 = Release|Any CPU
		{5FFB3392-BD6B-424D-A0E4-0787084DE999}.Debug|Any CPU.ActiveCfg = Debug|Any CPU
		{5FFB3392-BD6B-424D-A0E4-0787084DE999}.Debug|Any CPU.Build.0 = Debug|Any CPU
		{5FFB3392-BD6B-424D-A0E4-0787084DE999}.Release|Any CPU.ActiveCfg = Release|Any CPU
		{5FFB3392-BD6B-424D-A0E4-0787084DE999}.Release|Any CPU.Build.0 = Release|Any CPU
		{F57472DE-2584-4207-974A-59B11236E795}.Debug|Any CPU.ActiveCfg = Debug|Any CPU
		{F57472DE-2584-4207-974A-59B11236E795}.Debug|Any CPU.Build.0 = Debug|Any CPU
		{F57472DE-2584-4207-974A-59B11236E795}.Release|Any CPU.ActiveCfg = Release|Any CPU
		{F57472DE-2584-4207-974A-59B11236E795}.Release|Any CPU.Build.0 = Release|Any CPU
		{2F21DF9C-B143-40BB-ADF6-4D17C66B1159}.Debug|Any CPU.ActiveCfg = Debug|Any CPU
		{2F21DF9C-B143-40BB-ADF6-4D17C66B1159}.Debug|Any CPU.Build.0 = Debug|Any CPU
		{2F21DF9C-B143-40BB-ADF6-4D17C66B1159}.Release|Any CPU.ActiveCfg = Release|Any CPU
		{2F21DF9C-B143-40BB-ADF6-4D17C66B1159}.Release|Any CPU.Build.0 = Release|Any CPU
	EndGlobalSection
	GlobalSection(SolutionProperties) = preSolution
		HideSolutionNode = FALSE
	EndGlobalSection
	GlobalSection(ExtensibilityGlobals) = postSolution
		SolutionGuid = {8E1FD99A-4BB5-4ADC-96B9-171A3D25ADE3}
	EndGlobalSection
EndGlobal
