
Microsoft Visual Studio Solution File, Format Version 12.00
# Visual Studio Version 16
VisualStudioVersion = 16.0.31129.286
MinimumVisualStudioVersion = 10.0.40219.1
Project("{FAE04EC0-301F-11D3-BF4B-00C04F79EFBC}") = "BalancedParnthses", "Practies DataStructures And Algorithm\BalancedParnthses.csproj", "{D58480AF-2BC4-42E1-9845-C9ED5DC433F4}"
EndProject
Project("{FAE04EC0-301F-11D3-BF4B-00C04F79EFBC}") = "Infix-PreFix-PostFix", "Infix-PreFix-PostFix\Infix-PreFix-PostFix.csproj", "{FE10B592-33FF-40A0-96D7-95EB01BFF824}"
EndProject
Global
	GlobalSection(SolutionConfigurationPlatforms) = preSolution
		Debug|Any CPU = Debug|Any CPU
		Release|Any CPU = Release|Any CPU
	EndGlobalSection
	GlobalSection(ProjectConfigurationPlatforms) = postSolution
		{D58480AF-2BC4-42E1-9845-C9ED5DC433F4}.Debug|Any CPU.ActiveCfg = Debug|Any CPU
		{D58480AF-2BC4-42E1-9845-C9ED5DC433F4}.Debug|Any CPU.Build.0 = Debug|Any CPU
		{D58480AF-2BC4-42E1-9845-C9ED5DC433F4}.Release|Any CPU.ActiveCfg = Release|Any CPU
		{D58480AF-2BC4-42E1-9845-C9ED5DC433F4}.Release|Any CPU.Build.0 = Release|Any CPU
		{FE10B592-33FF-40A0-96D7-95EB01BFF824}.Debug|Any CPU.ActiveCfg = Debug|Any CPU
		{FE10B592-33FF-40A0-96D7-95EB01BFF824}.Debug|Any CPU.Build.0 = Debug|Any CPU
		{FE10B592-33FF-40A0-96D7-95EB01BFF824}.Release|Any CPU.ActiveCfg = Release|Any CPU
		{FE10B592-33FF-40A0-96D7-95EB01BFF824}.Release|Any CPU.Build.0 = Release|Any CPU
	EndGlobalSection
	GlobalSection(SolutionProperties) = preSolution
		HideSolutionNode = FALSE
	EndGlobalSection
	GlobalSection(ExtensibilityGlobals) = postSolution
		SolutionGuid = {E8DC3E7D-2A6D-4781-89D9-D117C355DFC6}
	EndGlobalSection
EndGlobal
